
Microsoft Visual Studio Solution File, Format Version 12.00
# Visual Studio Version 17
VisualStudioVersion = 17.9.34728.123
MinimumVisualStudioVersion = 10.0.40219.1
Project("{9A19103F-16F7-4668-BE54-9A1E7A4F7556}") = "ElderGame", "ElderGame\ElderGame.csproj", "{52A1D6CE-7706-4A18-9553-0879D30F06D3}"
EndProject
Global
	GlobalSection(SolutionConfigurationPlatforms) = preSolution
		Debug|Any CPU = Debug|Any CPU
		Release|Any CPU = Release|Any CPU
	EndGlobalSection
	GlobalSection(ProjectConfigurationPlatforms) = postSolution
		{52A1D6CE-7706-4A18-9553-0879D30F06D3}.Debug|Any CPU.ActiveCfg = Debug|Any CPU
		{52A1D6CE-7706-4A18-9553-0879D30F06D3}.Debug|Any CPU.Build.0 = Debug|Any CPU
		{52A1D6CE-7706-4A18-9553-0879D30F06D3}.Release|Any CPU.ActiveCfg = Release|Any CPU
		{52A1D6CE-7706-4A18-9553-0879D30F06D3}.Release|Any CPU.Build.0 = Release|Any CPU
	EndGlobalSection
	GlobalSection(SolutionProperties) = preSolution
		HideSolutionNode = FALSE
	EndGlobalSection
	GlobalSection(ExtensibilityGlobals) = postSolution
		SolutionGuid = {1C01AED4-A47F-4E17-956F-98B1CC17936B}
	EndGlobalSection
EndGlobal
